
Microsoft Visual Studio Solution File, Format Version 12.00
# Visual Studio Version 16
VisualStudioVersion = 16.0.30204.135
MinimumVisualStudioVersion = 10.0.40219.1
Project("{FAE04EC0-301F-11D3-BF4B-00C04F79EFBC}") = "Loundry", "Loundry.csproj", "{DF4B1537-9A2E-430D-A98B-0E44B8600F82}"
EndProject
Global
	GlobalSection(SolutionConfigurationPlatforms) = preSolution
		Debug|Any CPU = Debug|Any CPU
		Release|Any CPU = Release|Any CPU
	EndGlobalSection
	GlobalSection(ProjectConfigurationPlatforms) = postSolution
		{DF4B1537-9A2E-430D-A98B-0E44B8600F82}.Debug|Any CPU.ActiveCfg = Debug|Any CPU
		{DF4B1537-9A2E-430D-A98B-0E44B8600F82}.Debug|Any CPU.Build.0 = Debug|Any CPU
		{DF4B1537-9A2E-430D-A98B-0E44B8600F82}.Release|Any CPU.ActiveCfg = Release|Any CPU
		{DF4B1537-9A2E-430D-A98B-0E44B8600F82}.Release|Any CPU.Build.0 = Release|Any CPU
	EndGlobalSection
	GlobalSection(SolutionProperties) = preSolution
		HideSolutionNode = FALSE
	EndGlobalSection
	GlobalSection(ExtensibilityGlobals) = postSolution
		SolutionGuid = {5C016CAE-0FC4-49C8-9CB1-067F35B93ACA}
	EndGlobalSection
EndGlobal
